
Microsoft Visual Studio Solution File, Format Version 12.00
# Visual Studio Version 17
VisualStudioVersion = 17.10.35004.147
MinimumVisualStudioVersion = 10.0.40219.1
Project("{FAE04EC0-301F-11D3-BF4B-00C04F79EFBC}") = "CRUD_Opeartion", "CRUD_Opeartion\CRUD_Opeartion.csproj", "{BC5B24BA-B0BC-4C6A-9A4C-A6BE7D5AD2DA}"
EndProject
Global
	GlobalSection(SolutionConfigurationPlatforms) = preSolution
		Debug|Any CPU = Debug|Any CPU
		Release|Any CPU = Release|Any CPU
	EndGlobalSection
	GlobalSection(ProjectConfigurationPlatforms) = postSolution
		{BC5B24BA-B0BC-4C6A-9A4C-A6BE7D5AD2DA}.Debug|Any CPU.ActiveCfg = Debug|Any CPU
		{BC5B24BA-B0BC-4C6A-9A4C-A6BE7D5AD2DA}.Debug|Any CPU.Build.0 = Debug|Any CPU
		{BC5B24BA-B0BC-4C6A-9A4C-A6BE7D5AD2DA}.Release|Any CPU.ActiveCfg = Release|Any CPU
		{BC5B24BA-B0BC-4C6A-9A4C-A6BE7D5AD2DA}.Release|Any CPU.Build.0 = Release|Any CPU
	EndGlobalSection
	GlobalSection(SolutionProperties) = preSolution
		HideSolutionNode = FALSE
	EndGlobalSection
	GlobalSection(ExtensibilityGlobals) = postSolution
		SolutionGuid = {5A6F7633-DA58-48D1-872F-AF3BB8634112}
	EndGlobalSection
EndGlobal
